
Microsoft Visual Studio Solution File, Format Version 12.00
# Visual Studio 14
VisualStudioVersion = 14.0.23107.0
MinimumVisualStudioVersion = 10.0.40219.1
Project("{FAE04EC0-301F-11D3-BF4B-00C04F79EFBC}") = "Pike", "Pike\Pike.csproj", "{563D9C11-38BF-4094-8F02-50EF7EB2CA11}"
EndProject
Project("{FAE04EC0-301F-11D3-BF4B-00C04F79EFBC}") = "Piker", "Piker\Piker.csproj", "{624FF126-0565-4B18-B8CD-CB232100A236}"
EndProject
Global
	GlobalSection(SolutionConfigurationPlatforms) = preSolution
		Debug|Any CPU = Debug|Any CPU
		Release|Any CPU = Release|Any CPU
	EndGlobalSection
	GlobalSection(ProjectConfigurationPlatforms) = postSolution
		{563D9C11-38BF-4094-8F02-50EF7EB2CA11}.Debug|Any CPU.ActiveCfg = Debug|Any CPU
		{563D9C11-38BF-4094-8F02-50EF7EB2CA11}.Debug|Any CPU.Build.0 = Debug|Any CPU
		{563D9C11-38BF-4094-8F02-50EF7EB2CA11}.Release|Any CPU.ActiveCfg = Release|Any CPU
		{563D9C11-38BF-4094-8F02-50EF7EB2CA11}.Release|Any CPU.Build.0 = Release|Any CPU
		{624FF126-0565-4B18-B8CD-CB232100A236}.Debug|Any CPU.ActiveCfg = Debug|Any CPU
		{624FF126-0565-4B18-B8CD-CB232100A236}.Debug|Any CPU.Build.0 = Debug|Any CPU
		{624FF126-0565-4B18-B8CD-CB232100A236}.Release|Any CPU.ActiveCfg = Release|Any CPU
		{624FF126-0565-4B18-B8CD-CB232100A236}.Release|Any CPU.Build.0 = Release|Any CPU
	EndGlobalSection
	GlobalSection(SolutionProperties) = preSolution
		HideSolutionNode = FALSE
	EndGlobalSection
EndGlobal
